
Microsoft Visual Studio Solution File, Format Version 12.00
# Visual Studio Version 16
VisualStudioVersion = 16.0.30717.126
MinimumVisualStudioVersion = 10.0.40219.1
Project("{9A19103F-16F7-4668-BE54-9A1E7A4F7556}") = "CompositionLibrary", "CompositionLibrary\CompositionLibrary.csproj", "{0966048E-3E67-44E3-AEFA-045F4187ACB9}"
EndProject
Project("{FAE04EC0-301F-11D3-BF4B-00C04F79EFBC}") = "Examples", "Examples\Examples.csproj", "{AD8234A0-BCC9-4B37-9F27-3D607C92AC1F}"
EndProject
Global
	GlobalSection(SolutionConfigurationPlatforms) = preSolution
		Debug|Any CPU = Debug|Any CPU
		Release|Any CPU = Release|Any CPU
	EndGlobalSection
	GlobalSection(ProjectConfigurationPlatforms) = postSolution
		{0966048E-3E67-44E3-AEFA-045F4187ACB9}.Debug|Any CPU.ActiveCfg = Debug|Any CPU
		{0966048E-3E67-44E3-AEFA-045F4187ACB9}.Debug|Any CPU.Build.0 = Debug|Any CPU
		{0966048E-3E67-44E3-AEFA-045F4187ACB9}.Release|Any CPU.ActiveCfg = Release|Any CPU
		{0966048E-3E67-44E3-AEFA-045F4187ACB9}.Release|Any CPU.Build.0 = Release|Any CPU
		{AD8234A0-BCC9-4B37-9F27-3D607C92AC1F}.Debug|Any CPU.ActiveCfg = Debug|Any CPU
		{AD8234A0-BCC9-4B37-9F27-3D607C92AC1F}.Debug|Any CPU.Build.0 = Debug|Any CPU
		{AD8234A0-BCC9-4B37-9F27-3D607C92AC1F}.Release|Any CPU.ActiveCfg = Release|Any CPU
		{AD8234A0-BCC9-4B37-9F27-3D607C92AC1F}.Release|Any CPU.Build.0 = Release|Any CPU
	EndGlobalSection
	GlobalSection(SolutionProperties) = preSolution
		HideSolutionNode = FALSE
	EndGlobalSection
	GlobalSection(ExtensibilityGlobals) = postSolution
		SolutionGuid = {21805B53-30CE-4494-AA7E-70C194334B3F}
	EndGlobalSection
EndGlobal
